# THIS IS AN AUTOGENERATED FILE. DO NOT EDIT THIS FILE DIRECTLY.
# yarn lockfile v1


"@bigfishtv/prettier-config@^1.0.5":
  version "1.0.5"
  resolved "https://registry.yarnpkg.com/@bigfishtv/prettier-config/-/prettier-config-1.0.5.tgz#50ed09876f9f1aa69f8b59be12d2a2e01bc5d110"
  integrity sha512-zHyPKO6Pi2j4MytXjISvPAkN9sd31qFY3o+OmJj6oXf0khNhHPAFRBOAFQlHPniT5CrSSgX63NxPtEN9U1iIJg==

"@types/node@*":
  version "12.7.8"
  resolved "https://registry.yarnpkg.com/@types/node/-/node-12.7.8.tgz#cb1bf6800238898bc2ff6ffa5702c3cadd350708"
  integrity sha512-FMdVn84tJJdV+xe+53sYiZS4R5yn1mAIxfj+DVoNiQjTYz1+OYmjwEZr1ev9nU0axXwda0QDbYl06QHanRVH3A==

"@types/pixelmatch@^5.0.0":
  version "5.0.0"
  resolved "https://registry.yarnpkg.com/@types/pixelmatch/-/pixelmatch-5.0.0.tgz#3b9222a3116946bbb10ba28c6eab4df4acb93bef"
  integrity sha512-hx+RYj4KeVrz3VoD/6NaAXqNolMHfKEbPFYdkZhE6dUQXMdNpAMF4tmtoKfs+3T217jnc5KDoWhqEI/u/yPprg==
  dependencies:
    "@types/node" "*"

"@types/pngjs@^3.3.2":
  version "3.3.2"
  resolved "https://registry.yarnpkg.com/@types/pngjs/-/pngjs-3.3.2.tgz#8ed3bd655ab3a92ea32ada7a21f618e63b93b1d4"
  integrity sha512-/SBsv93rVnjByzcau24rBwb+N7BHFp2LateaXz1e7m7M0Wzck/ymXTNdWVrCtkuMbwTHAnfdc3X/I/5szsTEAA==
  dependencies:
    "@types/node" "*"

"@types/puppeteer@^1.20.0":
  version "1.20.0"
  resolved "https://registry.yarnpkg.com/@types/puppeteer/-/puppeteer-1.20.0.tgz#8a09062a744ca1e2f0607468d810b149ab7cf97f"
  integrity sha512-V3nWu/ENNW7LzHumrgf1D+HnIEQHE+nHThq9MTPmGjQC75SVlWsalCp1OaZFaDeuUgWOmQPIBhSLz0cz+Hlz8w==
  dependencies:
    "@types/node" "*"

pixelmatch@^5.1.0:
  version "5.1.0"
  resolved "https://registry.yarnpkg.com/pixelmatch/-/pixelmatch-5.1.0.tgz#b640f0e5a03a09f235a4b818ef3b9b98d9d0b911"
  integrity sha512-HqtgvuWN12tBzKJf7jYsc38Ha28Q2NYpmBL9WostEGgDHJqbTLkjydZXL1ZHM02ZnB+Dkwlxo87HBY38kMiD6A==
  dependencies:
    pngjs "^3.4.0"

pngjs@^3.4.0:
  version "3.4.0"
  resolved "https://registry.yarnpkg.com/pngjs/-/pngjs-3.4.0.tgz#99ca7d725965fb655814eaf65f38f12bbdbf555f"
  integrity sha512-NCrCHhWmnQklfH4MtJMRjZ2a8c80qXeMlQMv2uVp9ISJMTt562SbGd6n2oq0PaPgKm7Z6pL9E2UlLIhC+SHL3w==

prettier@^1.18.2:
  version "1.18.2"
  resolved "https://registry.yarnpkg.com/prettier/-/prettier-1.18.2.tgz#6823e7c5900017b4bd3acf46fe9ac4b4d7bda9ea"
  integrity sha512-OeHeMc0JhFE9idD4ZdtNibzY0+TPHSpSSb9h8FqtP+YnoZZ1sl8Vc9b1sasjfymH3SonAF4QcA2+mzHPhMvIiw==

typescript@^3.6.3:
  version "3.6.3"
  resolved "https://registry.yarnpkg.com/typescript/-/typescript-3.6.3.tgz#fea942fabb20f7e1ca7164ff626f1a9f3f70b4da"
  integrity sha512-N7bceJL1CtRQ2RiG0AQME13ksR7DiuQh/QehubYcghzv20tnh+MQnQIuJddTmsbqYj+dztchykemz0zFzlvdQw==
